// !$*UTF8*$!
{
	archiveVersion = 1;
	classes = {
	};
	objectVersion = 46;
	objects = {

/* Begin PBXFileReference section */
		DAF6B9801F218DC0009A929D /* example.c */ = {isa = PBXFileReference; lastKnownFileType = sourcecode.c.c; path = example.c; sourceTree = "<group>"; };
/* End PBXFileReference section */

/* Begin PBXGroup section */
		DAF6B9791F218D8F009A929D = {
			isa = PBXGroup;
			children = (
				DAF6B9801F218DC0009A929D /* example.c */,
			);
			sourceTree = "<group>";
		};
/* End PBXGroup section */

/* Begin PBXProject section */
		DAF6B97A1F218D8F009A929D /* Project object */ = {
			isa = PBXProject;
			attributes = {
				LastUpgradeCheck = 0830;
			};
			buildConfigurationList = DAF6B97D1F218D8F009A929D /* Build configuration list for PBXProject "swig_test" */;
			compatibilityVersion = "Xcode 3.2";
			developmentRegion = English;
			hasScannedForEncodings = 0;
			knownRegions = (
				en,
			);
			mainGroup = DAF6B9791F218D8F009A929D;
			projectDirPath = "";
			projectRoot = "";
			targets = (
			);
		};
/* End PBXProject section */

/* Begin XCBuildConfiguration section */
		DAF6B97E1F218D8F009A929D /* Debug */ = {
			isa = XCBuildConfiguration;
			buildSettings = {
			};
			name = Debug;
		};
		DAF6B97F1F218D8F009A929D /* Release */ = {
			isa = XCBuildConfiguration;
			buildSettings = {
			};
			name = Release;
		};
/* End XCBuildConfiguration section */

/* Begin XCConfigurationList section */
		DAF6B97D1F218D8F009A929D /* Build configuration list for PBXProject "swig_test" */ = {
			isa = XCConfigurationList;
			buildConfigurations = (
				DAF6B97E1F218D8F009A929D /* Debug */,
				DAF6B97F1F218D8F009A929D /* Release */,
			);
			defaultConfigurationIsVisible = 0;
			defaultConfigurationName = Release;
		};
/* End XCConfigurationList section */
	};
	rootObject = DAF6B97A1F218D8F009A929D /* Project object */;
}
